
Microsoft Visual Studio Solution File, Format Version 12.00
# Visual Studio Version 16
VisualStudioVersion = 16.0.28803.156
MinimumVisualStudioVersion = 10.0.40219.1
Project("{9A19103F-16F7-4668-BE54-9A1E7A4F7556}") = "Net.Core", "Net.Core\Net.Core.csproj", "{BBA0A9E7-2819-4ADA-94DB-BF5F3C5A6E1E}"
EndProject
Project("{9A19103F-16F7-4668-BE54-9A1E7A4F7556}") = "Net.Tests", "Net.Tests\Net.Tests.csproj", "{0703B1AB-80F4-4646-9032-396042311FA2}"
EndProject
Project("{9A19103F-16F7-4668-BE54-9A1E7A4F7556}") = "Net.FluentMigrator", "Net.FluentMigrator\Net.FluentMigrator.csproj", "{87142B17-8DBB-4FEE-A14C-987085AE06E2}"
EndProject
Global
	GlobalSection(SolutionConfigurationPlatforms) = preSolution
		Debug|Any CPU = Debug|Any CPU
		Release|Any CPU = Release|Any CPU
	EndGlobalSection
	GlobalSection(ProjectConfigurationPlatforms) = postSolution
		{BBA0A9E7-2819-4ADA-94DB-BF5F3C5A6E1E}.Debug|Any CPU.ActiveCfg = Debug|Any CPU
		{BBA0A9E7-2819-4ADA-94DB-BF5F3C5A6E1E}.Debug|Any CPU.Build.0 = Debug|Any CPU
		{BBA0A9E7-2819-4ADA-94DB-BF5F3C5A6E1E}.Release|Any CPU.ActiveCfg = Release|Any CPU
		{BBA0A9E7-2819-4ADA-94DB-BF5F3C5A6E1E}.Release|Any CPU.Build.0 = Release|Any CPU
		{0703B1AB-80F4-4646-9032-396042311FA2}.Debug|Any CPU.ActiveCfg = Debug|Any CPU
		{0703B1AB-80F4-4646-9032-396042311FA2}.Debug|Any CPU.Build.0 = Debug|Any CPU
		{0703B1AB-80F4-4646-9032-396042311FA2}.Release|Any CPU.ActiveCfg = Release|Any CPU
		{0703B1AB-80F4-4646-9032-396042311FA2}.Release|Any CPU.Build.0 = Release|Any CPU
		{87142B17-8DBB-4FEE-A14C-987085AE06E2}.Debug|Any CPU.ActiveCfg = Debug|Any CPU
		{87142B17-8DBB-4FEE-A14C-987085AE06E2}.Debug|Any CPU.Build.0 = Debug|Any CPU
		{87142B17-8DBB-4FEE-A14C-987085AE06E2}.Release|Any CPU.ActiveCfg = Release|Any CPU
		{87142B17-8DBB-4FEE-A14C-987085AE06E2}.Release|Any CPU.Build.0 = Release|Any CPU
	EndGlobalSection
	GlobalSection(SolutionProperties) = preSolution
		HideSolutionNode = FALSE
	EndGlobalSection
	GlobalSection(ExtensibilityGlobals) = postSolution
		SolutionGuid = {96DB5F83-4513-4DD5-8ED0-A94898D6F69C}
	EndGlobalSection
EndGlobal
